// !$*UTF8*$!
{
	archiveVersion = 1;
	classes = {
	};
	objectVersion = 46;
	objects = {

/* Begin PBXBuildFile section */
		1B61BCDA1ACB90850013418D /* VideoToolbox.framework in Frameworks */ = {isa = PBXBuildFile; fileRef = 1B61BCD91ACB90850013418D /* VideoToolbox.framework */; };
		1B61BCEA1ACF090E0013418D /* FrameCounterPlugin.m in Sources */ = {isa = PBXBuildFile; fileRef = 1B61BCE91ACF090E0013418D /* FrameCounterPlugin.m */; };
		1B61BCEE1ACF0E210013418D /* FrameCounterPlugin.bundle in CopyFiles */ = {isa = PBXBuildFile; fileRef = 1B61BCE11ACF06A70013418D /* FrameCounterPlugin.bundle */; settings = {ATTRIBUTES = (CodeSignOnCopy, RemoveHeadersOnCopy, ); }; };
		1B61BCF11ACF181C0013418D /* NSDictionary+JSONString.m in Sources */ = {isa = PBXBuildFile; fileRef = 1B61BCF01ACF181C0013418D /* NSDictionary+JSONString.m */; };
		1B61BD021ACF27740013418D /* OpenCVAnalyzerPlugin.mm in Sources */ = {isa = PBXBuildFile; fileRef = 1B61BD011ACF27740013418D /* OpenCVAnalyzerPlugin.mm */; };
		1B61BD051ACF28710013418D /* OpenCVAnalyzerPlugin.bundle in CopyFiles */ = {isa = PBXBuildFile; fileRef = 1B61BCF91ACF26710013418D /* OpenCVAnalyzerPlugin.bundle */; settings = {ATTRIBUTES = (CodeSignOnCopy, RemoveHeadersOnCopy, ); }; };
		1B61BD061ACF371A0013418D /* AVFoundation.framework in Frameworks */ = {isa = PBXBuildFile; fileRef = 1BEA4D3C1ACB2BDC00AB57C1 /* AVFoundation.framework */; };
		1B61BD081ACF371A0013418D /* CoreFoundation.framework in Frameworks */ = {isa = PBXBuildFile; fileRef = 1B61BD071ACF371A0013418D /* CoreFoundation.framework */; };
		1B61BD091ACF37200013418D /* CoreMedia.framework in Frameworks */ = {isa = PBXBuildFile; fileRef = 1BEA4D3E1ACB2BE100AB57C1 /* CoreMedia.framework */; };
		1B61BD0A1ACF37300013418D /* CoreFoundation.framework in Frameworks */ = {isa = PBXBuildFile; fileRef = 1B61BD071ACF371A0013418D /* CoreFoundation.framework */; };
		1B61BD0B1ACF37300013418D /* CoreMedia.framework in Frameworks */ = {isa = PBXBuildFile; fileRef = 1BEA4D3E1ACB2BE100AB57C1 /* CoreMedia.framework */; };
		1B61BD0C1ACF37390013418D /* AVFoundation.framework in Frameworks */ = {isa = PBXBuildFile; fileRef = 1BEA4D3C1ACB2BDC00AB57C1 /* AVFoundation.framework */; };
		1B61BD8D1ACF74AE0013418D /* CMakeLists.txt in Resources */ = {isa = PBXBuildFile; fileRef = 1B61BD6B1ACF74AE0013418D /* CMakeLists.txt */; };
		1B61BD8E1ACF74AE0013418D /* cv2.so in Frameworks */ = {isa = PBXBuildFile; fileRef = 1B61BD7B1ACF74AE0013418D /* cv2.so */; };
		1B61BD8F1ACF74AE0013418D /* libopencv_calib3d.a in Frameworks */ = {isa = PBXBuildFile; fileRef = 1B61BD7C1ACF74AE0013418D /* libopencv_calib3d.a */; };
		1B61BD901ACF74AE0013418D /* libopencv_core.a in Frameworks */ = {isa = PBXBuildFile; fileRef = 1B61BD7D1ACF74AE0013418D /* libopencv_core.a */; };
		1B61BD911ACF74AE0013418D /* libopencv_features2d.a in Frameworks */ = {isa = PBXBuildFile; fileRef = 1B61BD7E1ACF74AE0013418D /* libopencv_features2d.a */; };
		1B61BD921ACF74AE0013418D /* libopencv_flann.a in Frameworks */ = {isa = PBXBuildFile; fileRef = 1B61BD7F1ACF74AE0013418D /* libopencv_flann.a */; };
		1B61BD931ACF74AE0013418D /* libopencv_highgui.a in Frameworks */ = {isa = PBXBuildFile; fileRef = 1B61BD801ACF74AE0013418D /* libopencv_highgui.a */; };
		1B61BD941ACF74AE0013418D /* libopencv_imgcodecs.a in Frameworks */ = {isa = PBXBuildFile; fileRef = 1B61BD811ACF74AE0013418D /* libopencv_imgcodecs.a */; };
		1B61BD951ACF74AE0013418D /* libopencv_imgproc.a in Frameworks */ = {isa = PBXBuildFile; fileRef = 1B61BD821ACF74AE0013418D /* libopencv_imgproc.a */; };
		1B61BD961ACF74AE0013418D /* libopencv_ml.a in Frameworks */ = {isa = PBXBuildFile; fileRef = 1B61BD831ACF74AE0013418D /* libopencv_ml.a */; };
		1B61BD971ACF74AE0013418D /* libopencv_objdetect.a in Frameworks */ = {isa = PBXBuildFile; fileRef = 1B61BD841ACF74AE0013418D /* libopencv_objdetect.a */; };
		1B61BD981ACF74AE0013418D /* libopencv_photo.a in Frameworks */ = {isa = PBXBuildFile; fileRef = 1B61BD851ACF74AE0013418D /* libopencv_photo.a */; };
		1B61BD991ACF74AE0013418D /* libopencv_shape.a in Frameworks */ = {isa = PBXBuildFile; fileRef = 1B61BD861ACF74AE0013418D /* libopencv_shape.a */; };
		1B61BD9A1ACF74AE0013418D /* libopencv_stitching.a in Frameworks */ = {isa = PBXBuildFile; fileRef = 1B61BD871ACF74AE0013418D /* libopencv_stitching.a */; };
		1B61BD9B1ACF74AE0013418D /* libopencv_superres.a in Frameworks */ = {isa = PBXBuildFile; fileRef = 1B61BD881ACF74AE0013418D /* libopencv_superres.a */; };
		1B61BD9C1ACF74AE0013418D /* libopencv_ts.a in Frameworks */ = {isa = PBXBuildFile; fileRef = 1B61BD891ACF74AE0013418D /* libopencv_ts.a */; };
		1B61BD9D1ACF74AE0013418D /* libopencv_video.a in Frameworks */ = {isa = PBXBuildFile; fileRef = 1B61BD8A1ACF74AE0013418D /* libopencv_video.a */; };
		1B61BD9E1ACF74AE0013418D /* libopencv_videoio.a in Frameworks */ = {isa = PBXBuildFile; fileRef = 1B61BD8B1ACF74AE0013418D /* libopencv_videoio.a */; };
		1B61BD9F1ACF74AE0013418D /* libopencv_videostab.a in Frameworks */ = {isa = PBXBuildFile; fileRef = 1B61BD8C1ACF74AE0013418D /* libopencv_videostab.a */; };
		1BEA4D201ACB2BCC00AB57C1 /* AppDelegate.m in Sources */ = {isa = PBXBuildFile; fileRef = 1BEA4D1F1ACB2BCC00AB57C1 /* AppDelegate.m */; };
		1BEA4D221ACB2BCD00AB57C1 /* main.m in Sources */ = {isa = PBXBuildFile; fileRef = 1BEA4D211ACB2BCD00AB57C1 /* main.m */; };
		1BEA4D241ACB2BCD00AB57C1 /* Images.xcassets in Resources */ = {isa = PBXBuildFile; fileRef = 1BEA4D231ACB2BCD00AB57C1 /* Images.xcassets */; };
		1BEA4D271ACB2BCD00AB57C1 /* MainMenu.xib in Resources */ = {isa = PBXBuildFile; fileRef = 1BEA4D251ACB2BCD00AB57C1 /* MainMenu.xib */; };
		1BEA4D3D1ACB2BDD00AB57C1 /* AVFoundation.framework in Frameworks */ = {isa = PBXBuildFile; fileRef = 1BEA4D3C1ACB2BDC00AB57C1 /* AVFoundation.framework */; };
		1BEA4D3F1ACB2BE100AB57C1 /* CoreMedia.framework in Frameworks */ = {isa = PBXBuildFile; fileRef = 1BEA4D3E1ACB2BE100AB57C1 /* CoreMedia.framework */; };
		1BEA4D421ACB2F6F00AB57C1 /* TranscodeOperation.m in Sources */ = {isa = PBXBuildFile; fileRef = 1BEA4D411ACB2F6F00AB57C1 /* TranscodeOperation.m */; };
/* End PBXBuildFile section */

/* Begin PBXContainerItemProxy section */
		1B61BCEB1ACF0DFC0013418D /* PBXContainerItemProxy */ = {
			isa = PBXContainerItemProxy;
			containerPortal = 1BEA4D111ACB2BCC00AB57C1 /* Project object */;
			proxyType = 1;
			remoteGlobalIDString = 1B61BCE01ACF06A70013418D;
			remoteInfo = FrameCounterPlugin;
		};
		1B61BD031ACF28660013418D /* PBXContainerItemProxy */ = {
			isa = PBXContainerItemProxy;
			containerPortal = 1BEA4D111ACB2BCC00AB57C1 /* Project object */;
			proxyType = 1;
			remoteGlobalIDString = 1B61BCF81ACF26710013418D;
			remoteInfo = OpenCVAnalyzerPlugin;
		};
/* End PBXContainerItemProxy section */

/* Begin PBXCopyFilesBuildPhase section */
		1B61BCED1ACF0E0E0013418D /* CopyFiles */ = {
			isa = PBXCopyFilesBuildPhase;
			buildActionMask = 2147483647;
			dstPath = "";
			dstSubfolderSpec = 13;
			files = (
				1B61BD051ACF28710013418D /* OpenCVAnalyzerPlugin.bundle in CopyFiles */,
				1B61BCEE1ACF0E210013418D /* FrameCounterPlugin.bundle in CopyFiles */,
			);
			runOnlyForDeploymentPostprocessing = 0;
		};
/* End PBXCopyFilesBuildPhase section */

/* Begin PBXFileReference section */
		1B61BCD91ACB90850013418D /* VideoToolbox.framework */ = {isa = PBXFileReference; lastKnownFileType = wrapper.framework; name = VideoToolbox.framework; path = System/Library/Frameworks/VideoToolbox.framework; sourceTree = SDKROOT; };
		1B61BCDC1ACEFEEE0013418D /* SampleBufferAnalyzerPluginProtocol.h */ = {isa = PBXFileReference; fileEncoding = 4; lastKnownFileType = sourcecode.c.h; path = SampleBufferAnalyzerPluginProtocol.h; sourceTree = "<group>"; };
		1B61BCE11ACF06A70013418D /* FrameCounterPlugin.bundle */ = {isa = PBXFileReference; explicitFileType = wrapper.cfbundle; includeInIndex = 0; path = FrameCounterPlugin.bundle; sourceTree = BUILT_PRODUCTS_DIR; };
		1B61BCE41ACF06A70013418D /* Info.plist */ = {isa = PBXFileReference; lastKnownFileType = text.plist.xml; path = Info.plist; sourceTree = "<group>"; };
		1B61BCE81ACF090E0013418D /* FrameCounterPlugin.h */ = {isa = PBXFileReference; fileEncoding = 4; lastKnownFileType = sourcecode.c.h; path = FrameCounterPlugin.h; sourceTree = "<group>"; };
		1B61BCE91ACF090E0013418D /* FrameCounterPlugin.m */ = {isa = PBXFileReference; fileEncoding = 4; lastKnownFileType = sourcecode.c.objc; path = FrameCounterPlugin.m; sourceTree = "<group>"; };
		1B61BCEF1ACF181C0013418D /* NSDictionary+JSONString.h */ = {isa = PBXFileReference; fileEncoding = 4; lastKnownFileType = sourcecode.c.h; path = "NSDictionary+JSONString.h"; sourceTree = "<group>"; };
		1B61BCF01ACF181C0013418D /* NSDictionary+JSONString.m */ = {isa = PBXFileReference; fileEncoding = 4; lastKnownFileType = sourcecode.c.objc; path = "NSDictionary+JSONString.m"; sourceTree = "<group>"; };
		1B61BCF91ACF26710013418D /* OpenCVAnalyzerPlugin.bundle */ = {isa = PBXFileReference; explicitFileType = wrapper.cfbundle; includeInIndex = 0; path = OpenCVAnalyzerPlugin.bundle; sourceTree = BUILT_PRODUCTS_DIR; };
		1B61BCFC1ACF26710013418D /* Info.plist */ = {isa = PBXFileReference; lastKnownFileType = text.plist.xml; name = Info.plist; path = ../OpenCVAnalyzerPlugin/Info.plist; sourceTree = "<group>"; };
		1B61BD001ACF27740013418D /* OpenCVAnalyzerPlugin.h */ = {isa = PBXFileReference; fileEncoding = 4; lastKnownFileType = sourcecode.c.h; name = OpenCVAnalyzerPlugin.h; path = ../OpenCVAnalyzerPlugin/OpenCVAnalyzerPlugin.h; sourceTree = "<group>"; };
		1B61BD011ACF27740013418D /* OpenCVAnalyzerPlugin.mm */ = {isa = PBXFileReference; fileEncoding = 4; lastKnownFileType = sourcecode.cpp.objcpp; name = OpenCVAnalyzerPlugin.mm; path = ../OpenCVAnalyzerPlugin/OpenCVAnalyzerPlugin.mm; sourceTree = "<group>"; };
		1B61BD071ACF371A0013418D /* CoreFoundation.framework */ = {isa = PBXFileReference; lastKnownFileType = wrapper.framework; name = CoreFoundation.framework; path = System/Library/Frameworks/CoreFoundation.framework; sourceTree = SDKROOT; };
		1B61BD6B1ACF74AE0013418D /* CMakeLists.txt */ = {isa = PBXFileReference; fileEncoding = 4; lastKnownFileType = text; path = CMakeLists.txt; sourceTree = "<group>"; };
		1B61BD6D1ACF74AE0013418D /* cv.h */ = {isa = PBXFileReference; fileEncoding = 4; lastKnownFileType = sourcecode.c.h; path = cv.h; sourceTree = "<group>"; };
		1B61BD6E1ACF74AE0013418D /* cv.hpp */ = {isa = PBXFileReference; fileEncoding = 4; lastKnownFileType = sourcecode.cpp.h; path = cv.hpp; sourceTree = "<group>"; };
		1B61BD6F1ACF74AE0013418D /* cvaux.h */ = {isa = PBXFileReference; fileEncoding = 4; lastKnownFileType = sourcecode.c.h; path = cvaux.h; sourceTree = "<group>"; };
		1B61BD701ACF74AE0013418D /* cvaux.hpp */ = {isa = PBXFileReference; fileEncoding = 4; lastKnownFileType = sourcecode.cpp.h; path = cvaux.hpp; sourceTree = "<group>"; };
		1B61BD711ACF74AE0013418D /* cvwimage.h */ = {isa = PBXFileReference; fileEncoding = 4; lastKnownFileType = sourcecode.c.h; path = cvwimage.h; sourceTree = "<group>"; };
		1B61BD721ACF74AE0013418D /* cxcore.h */ = {isa = PBXFileReference; fileEncoding = 4; lastKnownFileType = sourcecode.c.h; path = cxcore.h; sourceTree = "<group>"; };
		1B61BD731ACF74AE0013418D /* cxcore.hpp */ = {isa = PBXFileReference; fileEncoding = 4; lastKnownFileType = sourcecode.cpp.h; path = cxcore.hpp; sourceTree = "<group>"; };
		1B61BD741ACF74AE0013418D /* cxeigen.hpp */ = {isa = PBXFileReference; fileEncoding = 4; lastKnownFileType = sourcecode.cpp.h; path = cxeigen.hpp; sourceTree = "<group>"; };
		1B61BD751ACF74AE0013418D /* cxmisc.h */ = {isa = PBXFileReference; fileEncoding = 4; lastKnownFileType = sourcecode.c.h; path = cxmisc.h; sourceTree = "<group>"; };
		1B61BD761ACF74AE0013418D /* highgui.h */ = {isa = PBXFileReference; fileEncoding = 4; lastKnownFileType = sourcecode.c.h; path = highgui.h; sourceTree = "<group>"; };
		1B61BD771ACF74AE0013418D /* ml.h */ = {isa = PBXFileReference; fileEncoding = 4; lastKnownFileType = sourcecode.c.h; path = ml.h; sourceTree = "<group>"; };
		1B61BD791ACF74AE0013418D /* opencv.hpp */ = {isa = PBXFileReference; fileEncoding = 4; lastKnownFileType = sourcecode.cpp.h; path = opencv.hpp; sourceTree = "<group>"; };
		1B61BD7B1ACF74AE0013418D /* cv2.so */ = {isa = PBXFileReference; lastKnownFileType = "compiled.mach-o.dylib"; path = cv2.so; sourceTree = "<group>"; };
		1B61BD7C1ACF74AE0013418D /* libopencv_calib3d.a */ = {isa = PBXFileReference; lastKnownFileType = archive.ar; path = libopencv_calib3d.a; sourceTree = "<group>"; };
		1B61BD7D1ACF74AE0013418D /* libopencv_core.a */ = {isa = PBXFileReference; lastKnownFileType = archive.ar; path = libopencv_core.a; sourceTree = "<group>"; };
		1B61BD7E1ACF74AE0013418D /* libopencv_features2d.a */ = {isa = PBXFileReference; lastKnownFileType = archive.ar; path = libopencv_features2d.a; sourceTree = "<group>"; };
		1B61BD7F1ACF74AE0013418D /* libopencv_flann.a */ = {isa = PBXFileReference; lastKnownFileType = archive.ar; path = libopencv_flann.a; sourceTree = "<group>"; };
		1B61BD801ACF74AE0013418D /* libopencv_highgui.a */ = {isa = PBXFileReference; lastKnownFileType = archive.ar; path = libopencv_highgui.a; sourceTree = "<group>"; };
		1B61BD811ACF74AE0013418D /* libopencv_imgcodecs.a */ = {isa = PBXFileReference; lastKnownFileType = archive.ar; path = libopencv_imgcodecs.a; sourceTree = "<group>"; };
		1B61BD821ACF74AE0013418D /* libopencv_imgproc.a */ = {isa = PBXFileReference; lastKnownFileType = archive.ar; path = libopencv_imgproc.a; sourceTree = "<group>"; };
		1B61BD831ACF74AE0013418D /* libopencv_ml.a */ = {isa = PBXFileReference; lastKnownFileType = archive.ar; path = libopencv_ml.a; sourceTree = "<group>"; };
		1B61BD841ACF74AE0013418D /* libopencv_objdetect.a */ = {isa = PBXFileReference; lastKnownFileType = archive.ar; path = libopencv_objdetect.a; sourceTree = "<group>"; };
		1B61BD851ACF74AE0013418D /* libopencv_photo.a */ = {isa = PBXFileReference; lastKnownFileType = archive.ar; path = libopencv_photo.a; sourceTree = "<group>"; };
		1B61BD861ACF74AE0013418D /* libopencv_shape.a */ = {isa = PBXFileReference; lastKnownFileType = archive.ar; path = libopencv_shape.a; sourceTree = "<group>"; };
		1B61BD871ACF74AE0013418D /* libopencv_stitching.a */ = {isa = PBXFileReference; lastKnownFileType = archive.ar; path = libopencv_stitching.a; sourceTree = "<group>"; };
		1B61BD881ACF74AE0013418D /* libopencv_superres.a */ = {isa = PBXFileReference; lastKnownFileType = archive.ar; path = libopencv_superres.a; sourceTree = "<group>"; };
		1B61BD891ACF74AE0013418D /* libopencv_ts.a */ = {isa = PBXFileReference; lastKnownFileType = archive.ar; path = libopencv_ts.a; sourceTree = "<group>"; };
		1B61BD8A1ACF74AE0013418D /* libopencv_video.a */ = {isa = PBXFileReference; lastKnownFileType = archive.ar; path = libopencv_video.a; sourceTree = "<group>"; };
		1B61BD8B1ACF74AE0013418D /* libopencv_videoio.a */ = {isa = PBXFileReference; lastKnownFileType = archive.ar; path = libopencv_videoio.a; sourceTree = "<group>"; };
		1B61BD8C1ACF74AE0013418D /* libopencv_videostab.a */ = {isa = PBXFileReference; lastKnownFileType = archive.ar; path = libopencv_videostab.a; sourceTree = "<group>"; };
		1BEA4D191ACB2BCC00AB57C1 /* MetadataTranscoderTestHarness.app */ = {isa = PBXFileReference; explicitFileType = wrapper.application; includeInIndex = 0; path = MetadataTranscoderTestHarness.app; sourceTree = BUILT_PRODUCTS_DIR; };
		1BEA4D1D1ACB2BCC00AB57C1 /* Info.plist */ = {isa = PBXFileReference; lastKnownFileType = text.plist.xml; path = Info.plist; sourceTree = "<group>"; };
		1BEA4D1E1ACB2BCC00AB57C1 /* AppDelegate.h */ = {isa = PBXFileReference; lastKnownFileType = sourcecode.c.h; path = AppDelegate.h; sourceTree = "<group>"; };
		1BEA4D1F1ACB2BCC00AB57C1 /* AppDelegate.m */ = {isa = PBXFileReference; lastKnownFileType = sourcecode.c.objc; path = AppDelegate.m; sourceTree = "<group>"; };
		1BEA4D211ACB2BCD00AB57C1 /* main.m */ = {isa = PBXFileReference; lastKnownFileType = sourcecode.c.objc; path = main.m; sourceTree = "<group>"; };
		1BEA4D231ACB2BCD00AB57C1 /* Images.xcassets */ = {isa = PBXFileReference; lastKnownFileType = folder.assetcatalog; path = Images.xcassets; sourceTree = "<group>"; };
		1BEA4D261ACB2BCD00AB57C1 /* Base */ = {isa = PBXFileReference; lastKnownFileType = file.xib; name = Base; path = Base.lproj/MainMenu.xib; sourceTree = "<group>"; };
		1BEA4D3C1ACB2BDC00AB57C1 /* AVFoundation.framework */ = {isa = PBXFileReference; lastKnownFileType = wrapper.framework; name = AVFoundation.framework; path = System/Library/Frameworks/AVFoundation.framework; sourceTree = SDKROOT; };
		1BEA4D3E1ACB2BE100AB57C1 /* CoreMedia.framework */ = {isa = PBXFileReference; lastKnownFileType = wrapper.framework; name = CoreMedia.framework; path = System/Library/Frameworks/CoreMedia.framework; sourceTree = SDKROOT; };
		1BEA4D401ACB2F6F00AB57C1 /* TranscodeOperation.h */ = {isa = PBXFileReference; fileEncoding = 4; lastKnownFileType = sourcecode.c.h; path = TranscodeOperation.h; sourceTree = "<group>"; };
		1BEA4D411ACB2F6F00AB57C1 /* TranscodeOperation.m */ = {isa = PBXFileReference; fileEncoding = 4; lastKnownFileType = sourcecode.c.objc; path = TranscodeOperation.m; sourceTree = "<group>"; };
/* End PBXFileReference section */

/* Begin PBXFrameworksBuildPhase section */
		1B61BCDE1ACF06A70013418D /* Frameworks */ = {
			isa = PBXFrameworksBuildPhase;
			buildActionMask = 2147483647;
			files = (
				1B61BD0C1ACF37390013418D /* AVFoundation.framework in Frameworks */,
				1B61BD0A1ACF37300013418D /* CoreFoundation.framework in Frameworks */,
				1B61BD0B1ACF37300013418D /* CoreMedia.framework in Frameworks */,
			);
			runOnlyForDeploymentPostprocessing = 0;
		};
		1B61BCF61ACF26710013418D /* Frameworks */ = {
			isa = PBXFrameworksBuildPhase;
			buildActionMask = 2147483647;
			files = (
				1B61BD921ACF74AE0013418D /* libopencv_flann.a in Frameworks */,
				1B61BD941ACF74AE0013418D /* libopencv_imgcodecs.a in Frameworks */,
				1B61BD9A1ACF74AE0013418D /* libopencv_stitching.a in Frameworks */,
				1B61BD971ACF74AE0013418D /* libopencv_objdetect.a in Frameworks */,
				1B61BD091ACF37200013418D /* CoreMedia.framework in Frameworks */,
				1B61BD951ACF74AE0013418D /* libopencv_imgproc.a in Frameworks */,
				1B61BD8E1ACF74AE0013418D /* cv2.so in Frameworks */,
				1B61BD931ACF74AE0013418D /* libopencv_highgui.a in Frameworks */,
				1B61BD981ACF74AE0013418D /* libopencv_photo.a in Frameworks */,
				1B61BD911ACF74AE0013418D /* libopencv_features2d.a in Frameworks */,
				1B61BD9E1ACF74AE0013418D /* libopencv_videoio.a in Frameworks */,
				1B61BD9D1ACF74AE0013418D /* libopencv_video.a in Frameworks */,
				1B61BD991ACF74AE0013418D /* libopencv_shape.a in Frameworks */,
				1B61BD9C1ACF74AE0013418D /* libopencv_ts.a in Frameworks */,
				1B61BD9F1ACF74AE0013418D /* libopencv_videostab.a in Frameworks */,
				1B61BD9B1ACF74AE0013418D /* libopencv_superres.a in Frameworks */,
				1B61BD081ACF371A0013418D /* CoreFoundation.framework in Frameworks */,
				1B61BD8F1ACF74AE0013418D /* libopencv_calib3d.a in Frameworks */,
				1B61BD061ACF371A0013418D /* AVFoundation.framework in Frameworks */,
				1B61BD901ACF74AE0013418D /* libopencv_core.a in Frameworks */,
				1B61BD961ACF74AE0013418D /* libopencv_ml.a in Frameworks */,
			);
			runOnlyForDeploymentPostprocessing = 0;
		};
		1BEA4D161ACB2BCC00AB57C1 /* Frameworks */ = {
			isa = PBXFrameworksBuildPhase;
			buildActionMask = 2147483647;
			files = (
				1B61BCDA1ACB90850013418D /* VideoToolbox.framework in Frameworks */,
				1BEA4D3F1ACB2BE100AB57C1 /* CoreMedia.framework in Frameworks */,
				1BEA4D3D1ACB2BDD00AB57C1 /* AVFoundation.framework in Frameworks */,
			);
			runOnlyForDeploymentPostprocessing = 0;
		};
/* End PBXFrameworksBuildPhase section */

/* Begin PBXGroup section */
		1B61BCDB1ACC70D50013418D /* Frameworks */ = {
			isa = PBXGroup;
			children = (
				1B61BD071ACF371A0013418D /* CoreFoundation.framework */,
				1B61BCD91ACB90850013418D /* VideoToolbox.framework */,
				1BEA4D3E1ACB2BE100AB57C1 /* CoreMedia.framework */,
				1BEA4D3C1ACB2BDC00AB57C1 /* AVFoundation.framework */,
			);
			name = Frameworks;
			sourceTree = "<group>";
		};
		1B61BCE21ACF06A70013418D /* FrameCounterPlugin */ = {
			isa = PBXGroup;
			children = (
				1B61BCE81ACF090E0013418D /* FrameCounterPlugin.h */,
				1B61BCE91ACF090E0013418D /* FrameCounterPlugin.m */,
				1B61BCE31ACF06A70013418D /* Supporting Files */,
			);
			path = FrameCounterPlugin;
			sourceTree = "<group>";
		};
		1B61BCE31ACF06A70013418D /* Supporting Files */ = {
			isa = PBXGroup;
			children = (
				1B61BCE41ACF06A70013418D /* Info.plist */,
			);
			name = "Supporting Files";
			sourceTree = "<group>";
		};
		1B61BCF41ACF26590013418D /* Plugins */ = {
			isa = PBXGroup;
			children = (
				1B61BCFA1ACF26710013418D /* OpenCVAnalyzerPlugin */,
				1B61BCE21ACF06A70013418D /* FrameCounterPlugin */,
			);
			name = Plugins;
			sourceTree = "<group>";
		};
		1B61BCFA1ACF26710013418D /* OpenCVAnalyzerPlugin */ = {
			isa = PBXGroup;
			children = (
				1B61BCFB1ACF26710013418D /* Supporting Files */,
				1B61BD001ACF27740013418D /* OpenCVAnalyzerPlugin.h */,
				1B61BD011ACF27740013418D /* OpenCVAnalyzerPlugin.mm */,
				1B61BD691ACF74AE0013418D /* OpenCV */,
			);
			name = OpenCVAnalyzerPlugin;
			path = OpenCVAnalyzer;
			sourceTree = "<group>";
		};
		1B61BCFB1ACF26710013418D /* Supporting Files */ = {
			isa = PBXGroup;
			children = (
				1B61BCFC1ACF26710013418D /* Info.plist */,
			);
			name = "Supporting Files";
			sourceTree = "<group>";
		};
		1B61BD691ACF74AE0013418D /* OpenCV */ = {
			isa = PBXGroup;
			children = (
				1B61BD6A1ACF74AE0013418D /* include */,
				1B61BD7A1ACF74AE0013418D /* lib */,
			);
			name = OpenCV;
			path = OpenCVAnalyzerPlugin/OpenCV;
			sourceTree = SOURCE_ROOT;
		};
		1B61BD6A1ACF74AE0013418D /* include */ = {
			isa = PBXGroup;
			children = (
				1B61BD6B1ACF74AE0013418D /* CMakeLists.txt */,
				1B61BD6C1ACF74AE0013418D /* opencv */,
				1B61BD781ACF74AE0013418D /* opencv2 */,
			);
			path = include;
			sourceTree = "<group>";
		};
		1B61BD6C1ACF74AE0013418D /* opencv */ = {
			isa = PBXGroup;
			children = (
				1B61BD6D1ACF74AE0013418D /* cv.h */,
				1B61BD6E1ACF74AE0013418D /* cv.hpp */,
				1B61BD6F1ACF74AE0013418D /* cvaux.h */,
				1B61BD701ACF74AE0013418D /* cvaux.hpp */,
				1B61BD711ACF74AE0013418D /* cvwimage.h */,
				1B61BD721ACF74AE0013418D /* cxcore.h */,
				1B61BD731ACF74AE0013418D /* cxcore.hpp */,
				1B61BD741ACF74AE0013418D /* cxeigen.hpp */,
				1B61BD751ACF74AE0013418D /* cxmisc.h */,
				1B61BD761ACF74AE0013418D /* highgui.h */,
				1B61BD771ACF74AE0013418D /* ml.h */,
			);
			path = opencv;
			sourceTree = "<group>";
		};
		1B61BD781ACF74AE0013418D /* opencv2 */ = {
			isa = PBXGroup;
			children = (
				1B61BD791ACF74AE0013418D /* opencv.hpp */,
			);
			path = opencv2;
			sourceTree = "<group>";
		};
		1B61BD7A1ACF74AE0013418D /* lib */ = {
			isa = PBXGroup;
			children = (
				1B61BD7B1ACF74AE0013418D /* cv2.so */,
				1B61BD7C1ACF74AE0013418D /* libopencv_calib3d.a */,
				1B61BD7D1ACF74AE0013418D /* libopencv_core.a */,
				1B61BD7E1ACF74AE0013418D /* libopencv_features2d.a */,
				1B61BD7F1ACF74AE0013418D /* libopencv_flann.a */,
				1B61BD801ACF74AE0013418D /* libopencv_highgui.a */,
				1B61BD811ACF74AE0013418D /* libopencv_imgcodecs.a */,
				1B61BD821ACF74AE0013418D /* libopencv_imgproc.a */,
				1B61BD831ACF74AE0013418D /* libopencv_ml.a */,
				1B61BD841ACF74AE0013418D /* libopencv_objdetect.a */,
				1B61BD851ACF74AE0013418D /* libopencv_photo.a */,
				1B61BD861ACF74AE0013418D /* libopencv_shape.a */,
				1B61BD871ACF74AE0013418D /* libopencv_stitching.a */,
				1B61BD881ACF74AE0013418D /* libopencv_superres.a */,
				1B61BD891ACF74AE0013418D /* libopencv_ts.a */,
				1B61BD8A1ACF74AE0013418D /* libopencv_video.a */,
				1B61BD8B1ACF74AE0013418D /* libopencv_videoio.a */,
				1B61BD8C1ACF74AE0013418D /* libopencv_videostab.a */,
			);
			path = lib;
			sourceTree = "<group>";
		};
		1BEA4D101ACB2BCC00AB57C1 = {
			isa = PBXGroup;
			children = (
				1BEA4D1B1ACB2BCC00AB57C1 /* MetadataTranscoderTestHarness */,
				1B61BCF41ACF26590013418D /* Plugins */,
				1B61BCDB1ACC70D50013418D /* Frameworks */,
				1BEA4D1A1ACB2BCC00AB57C1 /* Products */,
			);
			sourceTree = "<group>";
		};
		1BEA4D1A1ACB2BCC00AB57C1 /* Products */ = {
			isa = PBXGroup;
			children = (
				1BEA4D191ACB2BCC00AB57C1 /* MetadataTranscoderTestHarness.app */,
				1B61BCE11ACF06A70013418D /* FrameCounterPlugin.bundle */,
				1B61BCF91ACF26710013418D /* OpenCVAnalyzerPlugin.bundle */,
			);
			name = Products;
			sourceTree = "<group>";
		};
		1BEA4D1B1ACB2BCC00AB57C1 /* MetadataTranscoderTestHarness */ = {
			isa = PBXGroup;
			children = (
				1BEA4D1E1ACB2BCC00AB57C1 /* AppDelegate.h */,
				1BEA4D1F1ACB2BCC00AB57C1 /* AppDelegate.m */,
				1BEA4D401ACB2F6F00AB57C1 /* TranscodeOperation.h */,
				1BEA4D411ACB2F6F00AB57C1 /* TranscodeOperation.m */,
				1B61BCDC1ACEFEEE0013418D /* SampleBufferAnalyzerPluginProtocol.h */,
				1B61BCEF1ACF181C0013418D /* NSDictionary+JSONString.h */,
				1B61BCF01ACF181C0013418D /* NSDictionary+JSONString.m */,
				1BEA4D231ACB2BCD00AB57C1 /* Images.xcassets */,
				1BEA4D251ACB2BCD00AB57C1 /* MainMenu.xib */,
				1BEA4D1C1ACB2BCC00AB57C1 /* Supporting Files */,
			);
			path = MetadataTranscoderTestHarness;
			sourceTree = "<group>";
		};
		1BEA4D1C1ACB2BCC00AB57C1 /* Supporting Files */ = {
			isa = PBXGroup;
			children = (
				1BEA4D1D1ACB2BCC00AB57C1 /* Info.plist */,
				1BEA4D211ACB2BCD00AB57C1 /* main.m */,
			);
			name = "Supporting Files";
			sourceTree = "<group>";
		};
/* End PBXGroup section */

/* Begin PBXNativeTarget section */
		1B61BCE01ACF06A70013418D /* FrameCounterPlugin */ = {
			isa = PBXNativeTarget;
			buildConfigurationList = 1B61BCE51ACF06A70013418D /* Build configuration list for PBXNativeTarget "FrameCounterPlugin" */;
			buildPhases = (
				1B61BCDD1ACF06A70013418D /* Sources */,
				1B61BCDE1ACF06A70013418D /* Frameworks */,
				1B61BCDF1ACF06A70013418D /* Resources */,
			);
			buildRules = (
			);
			dependencies = (
			);
			name = FrameCounterPlugin;
			productName = FrameCounterPlugin;
			productReference = 1B61BCE11ACF06A70013418D /* FrameCounterPlugin.bundle */;
			productType = "com.apple.product-type.bundle";
		};
		1B61BCF81ACF26710013418D /* OpenCVAnalyzerPlugin */ = {
			isa = PBXNativeTarget;
			buildConfigurationList = 1B61BCFD1ACF26710013418D /* Build configuration list for PBXNativeTarget "OpenCVAnalyzerPlugin" */;
			buildPhases = (
				1B61BCF51ACF26710013418D /* Sources */,
				1B61BCF61ACF26710013418D /* Frameworks */,
				1B61BCF71ACF26710013418D /* Resources */,
			);
			buildRules = (
			);
			dependencies = (
			);
			name = OpenCVAnalyzerPlugin;
			productName = OpenCVAnalyzer;
			productReference = 1B61BCF91ACF26710013418D /* OpenCVAnalyzerPlugin.bundle */;
			productType = "com.apple.product-type.bundle";
		};
		1BEA4D181ACB2BCC00AB57C1 /* MetadataTranscoderTestHarness */ = {
			isa = PBXNativeTarget;
			buildConfigurationList = 1BEA4D361ACB2BCD00AB57C1 /* Build configuration list for PBXNativeTarget "MetadataTranscoderTestHarness" */;
			buildPhases = (
				1BEA4D151ACB2BCC00AB57C1 /* Sources */,
				1BEA4D161ACB2BCC00AB57C1 /* Frameworks */,
				1BEA4D171ACB2BCC00AB57C1 /* Resources */,
				1B61BCED1ACF0E0E0013418D /* CopyFiles */,
			);
			buildRules = (
			);
			dependencies = (
				1B61BD041ACF28660013418D /* PBXTargetDependency */,
				1B61BCEC1ACF0DFC0013418D /* PBXTargetDependency */,
			);
			name = MetadataTranscoderTestHarness;
			productName = MetadataTranscoderTestHarness;
			productReference = 1BEA4D191ACB2BCC00AB57C1 /* MetadataTranscoderTestHarness.app */;
			productType = "com.apple.product-type.application";
		};
/* End PBXNativeTarget section */

/* Begin PBXProject section */
		1BEA4D111ACB2BCC00AB57C1 /* Project object */ = {
			isa = PBXProject;
			attributes = {
				LastUpgradeCheck = 0620;
				ORGANIZATIONNAME = metavisual;
				TargetAttributes = {
					1B61BCE01ACF06A70013418D = {
						CreatedOnToolsVersion = 6.2;
					};
					1B61BCF81ACF26710013418D = {
						CreatedOnToolsVersion = 6.2;
					};
					1BEA4D181ACB2BCC00AB57C1 = {
						CreatedOnToolsVersion = 6.2;
					};
				};
			};
			buildConfigurationList = 1BEA4D141ACB2BCC00AB57C1 /* Build configuration list for PBXProject "MetadataTranscoderTestHarness" */;
			compatibilityVersion = "Xcode 3.2";
			developmentRegion = English;
			hasScannedForEncodings = 0;
			knownRegions = (
				en,
				Base,
			);
			mainGroup = 1BEA4D101ACB2BCC00AB57C1;
			productRefGroup = 1BEA4D1A1ACB2BCC00AB57C1 /* Products */;
			projectDirPath = "";
			projectRoot = "";
			targets = (
				1BEA4D181ACB2BCC00AB57C1 /* MetadataTranscoderTestHarness */,
				1B61BCE01ACF06A70013418D /* FrameCounterPlugin */,
				1B61BCF81ACF26710013418D /* OpenCVAnalyzerPlugin */,
			);
		};
/* End PBXProject section */

/* Begin PBXResourcesBuildPhase section */
		1B61BCDF1ACF06A70013418D /* Resources */ = {
			isa = PBXResourcesBuildPhase;
			buildActionMask = 2147483647;
			files = (
			);
			runOnlyForDeploymentPostprocessing = 0;
		};
		1B61BCF71ACF26710013418D /* Resources */ = {
			isa = PBXResourcesBuildPhase;
			buildActionMask = 2147483647;
			files = (
				1B61BD8D1ACF74AE0013418D /* CMakeLists.txt in Resources */,
			);
			runOnlyForDeploymentPostprocessing = 0;
		};
		1BEA4D171ACB2BCC00AB57C1 /* Resources */ = {
			isa = PBXResourcesBuildPhase;
			buildActionMask = 2147483647;
			files = (
				1BEA4D241ACB2BCD00AB57C1 /* Images.xcassets in Resources */,
				1BEA4D271ACB2BCD00AB57C1 /* MainMenu.xib in Resources */,
			);
			runOnlyForDeploymentPostprocessing = 0;
		};
/* End PBXResourcesBuildPhase section */

/* Begin PBXSourcesBuildPhase section */
		1B61BCDD1ACF06A70013418D /* Sources */ = {
			isa = PBXSourcesBuildPhase;
			buildActionMask = 2147483647;
			files = (
				1B61BCEA1ACF090E0013418D /* FrameCounterPlugin.m in Sources */,
			);
			runOnlyForDeploymentPostprocessing = 0;
		};
		1B61BCF51ACF26710013418D /* Sources */ = {
			isa = PBXSourcesBuildPhase;
			buildActionMask = 2147483647;
			files = (
				1B61BD021ACF27740013418D /* OpenCVAnalyzerPlugin.mm in Sources */,
			);
			runOnlyForDeploymentPostprocessing = 0;
		};
		1BEA4D151ACB2BCC00AB57C1 /* Sources */ = {
			isa = PBXSourcesBuildPhase;
			buildActionMask = 2147483647;
			files = (
				1BEA4D421ACB2F6F00AB57C1 /* TranscodeOperation.m in Sources */,
				1BEA4D221ACB2BCD00AB57C1 /* main.m in Sources */,
				1BEA4D201ACB2BCC00AB57C1 /* AppDelegate.m in Sources */,
				1B61BCF11ACF181C0013418D /* NSDictionary+JSONString.m in Sources */,
			);
			runOnlyForDeploymentPostprocessing = 0;
		};
/* End PBXSourcesBuildPhase section */

/* Begin PBXTargetDependency section */
		1B61BCEC1ACF0DFC0013418D /* PBXTargetDependency */ = {
			isa = PBXTargetDependency;
			target = 1B61BCE01ACF06A70013418D /* FrameCounterPlugin */;
			targetProxy = 1B61BCEB1ACF0DFC0013418D /* PBXContainerItemProxy */;
		};
		1B61BD041ACF28660013418D /* PBXTargetDependency */ = {
			isa = PBXTargetDependency;
			target = 1B61BCF81ACF26710013418D /* OpenCVAnalyzerPlugin */;
			targetProxy = 1B61BD031ACF28660013418D /* PBXContainerItemProxy */;
		};
/* End PBXTargetDependency section */

/* Begin PBXVariantGroup section */
		1BEA4D251ACB2BCD00AB57C1 /* MainMenu.xib */ = {
			isa = PBXVariantGroup;
			children = (
				1BEA4D261ACB2BCD00AB57C1 /* Base */,
			);
			name = MainMenu.xib;
			sourceTree = "<group>";
		};
/* End PBXVariantGroup section */

/* Begin XCBuildConfiguration section */
		1B61BCE61ACF06A70013418D /* Debug */ = {
			isa = XCBuildConfiguration;
			buildSettings = {
				COMBINE_HIDPI_IMAGES = YES;
				GCC_PREPROCESSOR_DEFINITIONS = (
					"DEBUG=1",
					"$(inherited)",
				);
				INFOPLIST_FILE = FrameCounterPlugin/Info.plist;
				INSTALL_PATH = "$(LOCAL_LIBRARY_DIR)/Bundles";
				PRODUCT_NAME = "$(TARGET_NAME)";
				SKIP_INSTALL = YES;
				WRAPPER_EXTENSION = bundle;
			};
			name = Debug;
		};
		1B61BCE71ACF06A70013418D /* Release */ = {
			isa = XCBuildConfiguration;
			buildSettings = {
				COMBINE_HIDPI_IMAGES = YES;
				INFOPLIST_FILE = FrameCounterPlugin/Info.plist;
				INSTALL_PATH = "$(LOCAL_LIBRARY_DIR)/Bundles";
				PRODUCT_NAME = "$(TARGET_NAME)";
				SKIP_INSTALL = YES;
				WRAPPER_EXTENSION = bundle;
			};
			name = Release;
		};
		1B61BCFE1ACF26710013418D /* Debug */ = {
			isa = XCBuildConfiguration;
			buildSettings = {
				COMBINE_HIDPI_IMAGES = YES;
				GCC_PREPROCESSOR_DEFINITIONS = (
					"DEBUG=1",
					"$(inherited)",
				);
				INFOPLIST_FILE = OpenCVAnalyzerPlugin/Info.plist;
				INSTALL_PATH = "$(LOCAL_LIBRARY_DIR)/Bundles";
				LIBRARY_SEARCH_PATHS = (
					"$(inherited)",
					"/Users/vade/Downloads/opencv-3.0.0-beta/staticlibs/lib",
					"$(PROJECT_DIR)/OpenCVAnalyzerPlugin/OpenCV/lib",
				);
				PRODUCT_NAME = "$(TARGET_NAME)";
				SKIP_INSTALL = YES;
				WRAPPER_EXTENSION = bundle;
			};
			name = Debug;
		};
		1B61BCFF1ACF26710013418D /* Release */ = {
			isa = XCBuildConfiguration;
			buildSettings = {
				COMBINE_HIDPI_IMAGES = YES;
				INFOPLIST_FILE = OpenCVAnalyzerPlugin/Info.plist;
				INSTALL_PATH = "$(LOCAL_LIBRARY_DIR)/Bundles";
				LIBRARY_SEARCH_PATHS = (
					"$(inherited)",
					"/Users/vade/Downloads/opencv-3.0.0-beta/staticlibs/lib",
					"$(PROJECT_DIR)/OpenCVAnalyzerPlugin/OpenCV/lib",
				);
				PRODUCT_NAME = "$(TARGET_NAME)";
				SKIP_INSTALL = YES;
				WRAPPER_EXTENSION = bundle;
			};
			name = Release;
		};
		1BEA4D341ACB2BCD00AB57C1 /* Debug */ = {
			isa = XCBuildConfiguration;
			buildSettings = {
				ALWAYS_SEARCH_USER_PATHS = NO;
				CLANG_CXX_LANGUAGE_STANDARD = "gnu++0x";
				CLANG_CXX_LIBRARY = "libc++";
				CLANG_ENABLE_MODULES = YES;
				CLANG_ENABLE_OBJC_ARC = YES;
				CLANG_WARN_BOOL_CONVERSION = YES;
				CLANG_WARN_CONSTANT_CONVERSION = YES;
				CLANG_WARN_DIRECT_OBJC_ISA_USAGE = YES_ERROR;
				CLANG_WARN_EMPTY_BODY = YES;
				CLANG_WARN_ENUM_CONVERSION = YES;
				CLANG_WARN_INT_CONVERSION = YES;
				CLANG_WARN_OBJC_ROOT_CLASS = YES_ERROR;
				CLANG_WARN_UNREACHABLE_CODE = YES;
				CLANG_WARN__DUPLICATE_METHOD_MATCH = YES;
				CODE_SIGN_IDENTITY = "-";
				COPY_PHASE_STRIP = NO;
				ENABLE_STRICT_OBJC_MSGSEND = YES;
				GCC_C_LANGUAGE_STANDARD = gnu99;
				GCC_DYNAMIC_NO_PIC = NO;
				GCC_OPTIMIZATION_LEVEL = 0;
				GCC_PREPROCESSOR_DEFINITIONS = (
					"DEBUG=1",
					"$(inherited)",
				);
				GCC_SYMBOLS_PRIVATE_EXTERN = NO;
				GCC_WARN_64_TO_32_BIT_CONVERSION = YES;
				GCC_WARN_ABOUT_RETURN_TYPE = YES_ERROR;
				GCC_WARN_UNDECLARED_SELECTOR = YES;
				GCC_WARN_UNINITIALIZED_AUTOS = YES_AGGRESSIVE;
				GCC_WARN_UNUSED_FUNCTION = YES;
				GCC_WARN_UNUSED_VARIABLE = YES;
				MACOSX_DEPLOYMENT_TARGET = 10.10;
				MTL_ENABLE_DEBUG_INFO = YES;
				ONLY_ACTIVE_ARCH = YES;
				SDKROOT = macosx;
			};
			name = Debug;
		};
		1BEA4D351ACB2BCD00AB57C1 /* Release */ = {
			isa = XCBuildConfiguration;
			buildSettings = {
				ALWAYS_SEARCH_USER_PATHS = NO;
				CLANG_CXX_LANGUAGE_STANDARD = "gnu++0x";
				CLANG_CXX_LIBRARY = "libc++";
				CLANG_ENABLE_MODULES = YES;
				CLANG_ENABLE_OBJC_ARC = YES;
				CLANG_WARN_BOOL_CONVERSION = YES;
				CLANG_WARN_CONSTANT_CONVERSION = YES;
				CLANG_WARN_DIRECT_OBJC_ISA_USAGE = YES_ERROR;
				CLANG_WARN_EMPTY_BODY = YES;
				CLANG_WARN_ENUM_CONVERSION = YES;
				CLANG_WARN_INT_CONVERSION = YES;
				CLANG_WARN_OBJC_ROOT_CLASS = YES_ERROR;
				CLANG_WARN_UNREACHABLE_CODE = YES;
				CLANG_WARN__DUPLICATE_METHOD_MATCH = YES;
				CODE_SIGN_IDENTITY = "-";
				COPY_PHASE_STRIP = NO;
				DEBUG_INFORMATION_FORMAT = "dwarf-with-dsym";
				ENABLE_NS_ASSERTIONS = NO;
				ENABLE_STRICT_OBJC_MSGSEND = YES;
				GCC_C_LANGUAGE_STANDARD = gnu99;
				GCC_WARN_64_TO_32_BIT_CONVERSION = YES;
				GCC_WARN_ABOUT_RETURN_TYPE = YES_ERROR;
				GCC_WARN_UNDECLARED_SELECTOR = YES;
				GCC_WARN_UNINITIALIZED_AUTOS = YES_AGGRESSIVE;
				GCC_WARN_UNUSED_FUNCTION = YES;
				GCC_WARN_UNUSED_VARIABLE = YES;
				MACOSX_DEPLOYMENT_TARGET = 10.10;
				MTL_ENABLE_DEBUG_INFO = NO;
				SDKROOT = macosx;
			};
			name = Release;
		};
		1BEA4D371ACB2BCD00AB57C1 /* Debug */ = {
			isa = XCBuildConfiguration;
			buildSettings = {
				ASSETCATALOG_COMPILER_APPICON_NAME = AppIcon;
				COMBINE_HIDPI_IMAGES = YES;
				INFOPLIST_FILE = MetadataTranscoderTestHarness/Info.plist;
				LD_RUNPATH_SEARCH_PATHS = "$(inherited) @executable_path/../Frameworks";
				PRODUCT_NAME = "$(TARGET_NAME)";
			};
			name = Debug;
		};
		1BEA4D381ACB2BCD00AB57C1 /* Release */ = {
			isa = XCBuildConfiguration;
			buildSettings = {
				ASSETCATALOG_COMPILER_APPICON_NAME = AppIcon;
				COMBINE_HIDPI_IMAGES = YES;
				INFOPLIST_FILE = MetadataTranscoderTestHarness/Info.plist;
				LD_RUNPATH_SEARCH_PATHS = "$(inherited) @executable_path/../Frameworks";
				PRODUCT_NAME = "$(TARGET_NAME)";
			};
			name = Release;
		};
/* End XCBuildConfiguration section */

/* Begin XCConfigurationList section */
		1B61BCE51ACF06A70013418D /* Build configuration list for PBXNativeTarget "FrameCounterPlugin" */ = {
			isa = XCConfigurationList;
			buildConfigurations = (
				1B61BCE61ACF06A70013418D /* Debug */,
				1B61BCE71ACF06A70013418D /* Release */,
			);
			defaultConfigurationIsVisible = 0;
		};
		1B61BCFD1ACF26710013418D /* Build configuration list for PBXNativeTarget "OpenCVAnalyzerPlugin" */ = {
			isa = XCConfigurationList;
			buildConfigurations = (
				1B61BCFE1ACF26710013418D /* Debug */,
				1B61BCFF1ACF26710013418D /* Release */,
			);
			defaultConfigurationIsVisible = 0;
		};
		1BEA4D141ACB2BCC00AB57C1 /* Build configuration list for PBXProject "MetadataTranscoderTestHarness" */ = {
			isa = XCConfigurationList;
			buildConfigurations = (
				1BEA4D341ACB2BCD00AB57C1 /* Debug */,
				1BEA4D351ACB2BCD00AB57C1 /* Release */,
			);
			defaultConfigurationIsVisible = 0;
			defaultConfigurationName = Release;
		};
		1BEA4D361ACB2BCD00AB57C1 /* Build configuration list for PBXNativeTarget "MetadataTranscoderTestHarness" */ = {
			isa = XCConfigurationList;
			buildConfigurations = (
				1BEA4D371ACB2BCD00AB57C1 /* Debug */,
				1BEA4D381ACB2BCD00AB57C1 /* Release */,
			);
			defaultConfigurationIsVisible = 0;
			defaultConfigurationName = Release;
		};
/* End XCConfigurationList section */
	};
	rootObject = 1BEA4D111ACB2BCC00AB57C1 /* Project object */;
}
